
Microsoft Visual Studio Solution File, Format Version 12.00
# Visual Studio Version 17
VisualStudioVersion = 17.14.36811.4 d17.14
MinimumVisualStudioVersion = 10.0.40219.1
Project("{FAE04EC0-301F-11D3-BF4B-00C04F79EFBC}") = "Databas_MusikAlbums", "Databas_MusikAlbums\Databas_MusikAlbums.csproj", "{5275223E-A5DD-4C51-BABB-64051BA660CC}"
EndProject
Global
	GlobalSection(SolutionConfigurationPlatforms) = preSolution
		Debug|Any CPU = Debug|Any CPU
		Release|Any CPU = Release|Any CPU
	EndGlobalSection
	GlobalSection(ProjectConfigurationPlatforms) = postSolution
		{5275223E-A5DD-4C51-BABB-64051BA660CC}.Debug|Any CPU.ActiveCfg = Debug|Any CPU
		{5275223E-A5DD-4C51-BABB-64051BA660CC}.Debug|Any CPU.Build.0 = Debug|Any CPU
		{5275223E-A5DD-4C51-BABB-64051BA660CC}.Release|Any CPU.ActiveCfg = Release|Any CPU
		{5275223E-A5DD-4C51-BABB-64051BA660CC}.Release|Any CPU.Build.0 = Release|Any CPU
	EndGlobalSection
	GlobalSection(SolutionProperties) = preSolution
		HideSolutionNode = FALSE
	EndGlobalSection
	GlobalSection(ExtensibilityGlobals) = postSolution
		SolutionGuid = {879A3B95-5F9F-400B-B9E5-D7C3D1EA1301}
	EndGlobalSection
EndGlobal
